
Microsoft Visual Studio Solution File, Format Version 12.00
# Visual Studio 15
VisualStudioVersion = 15.0.28010.2036
MinimumVisualStudioVersion = 10.0.40219.1
Project("{9A19103F-16F7-4668-BE54-9A1E7A4F7556}") = "EchoApp", "EchoApp.csproj", "{D2F3AEA6-9400-4835-B5AD-50656C190BE9}"
EndProject
Global
	GlobalSection(SolutionConfigurationPlatforms) = preSolution
		Debug|Any CPU = Debug|Any CPU
		Release|Any CPU = Release|Any CPU
	EndGlobalSection
	GlobalSection(ProjectConfigurationPlatforms) = postSolution
		{D2F3AEA6-9400-4835-B5AD-50656C190BE9}.Debug|Any CPU.ActiveCfg = Debug|Any CPU
		{D2F3AEA6-9400-4835-B5AD-50656C190BE9}.Debug|Any CPU.Build.0 = Debug|Any CPU
		{D2F3AEA6-9400-4835-B5AD-50656C190BE9}.Release|Any CPU.ActiveCfg = Release|Any CPU
		{D2F3AEA6-9400-4835-B5AD-50656C190BE9}.Release|Any CPU.Build.0 = Release|Any CPU
	EndGlobalSection
	GlobalSection(SolutionProperties) = preSolution
		HideSolutionNode = FALSE
	EndGlobalSection
	GlobalSection(ExtensibilityGlobals) = postSolution
		SolutionGuid = {16F152FA-E5DF-4F51-84F3-03873319513B}
	EndGlobalSection
EndGlobal
