
Microsoft Visual Studio Solution File, Format Version 12.00
# Visual Studio 15
VisualStudioVersion = 15.0.27428.2002
MinimumVisualStudioVersion = 10.0.40219.1
Project("{9A19103F-16F7-4668-BE54-9A1E7A4F7556}") = "TutoPoint", "TutoPoint\TutoPoint.csproj", "{73D29037-247F-4138-B1A9-B099E49C0EDB}"
EndProject
Project("{FAE04EC0-301F-11D3-BF4B-00C04F79EFBC}") = "TutoPoint.EfGenerator", "TutoPoint.EfGenerator\TutoPoint.EfGenerator.csproj", "{0A583877-98A1-4059-BCE7-9CA1D0836DB4}"
EndProject
Global
	GlobalSection(SolutionConfigurationPlatforms) = preSolution
		Debug|Any CPU = Debug|Any CPU
		Release|Any CPU = Release|Any CPU
	EndGlobalSection
	GlobalSection(ProjectConfigurationPlatforms) = postSolution
		{73D29037-247F-4138-B1A9-B099E49C0EDB}.Debug|Any CPU.ActiveCfg = Debug|Any CPU
		{73D29037-247F-4138-B1A9-B099E49C0EDB}.Debug|Any CPU.Build.0 = Debug|Any CPU
		{73D29037-247F-4138-B1A9-B099E49C0EDB}.Release|Any CPU.ActiveCfg = Release|Any CPU
		{73D29037-247F-4138-B1A9-B099E49C0EDB}.Release|Any CPU.Build.0 = Release|Any CPU
		{0A583877-98A1-4059-BCE7-9CA1D0836DB4}.Debug|Any CPU.ActiveCfg = Debug|Any CPU
		{0A583877-98A1-4059-BCE7-9CA1D0836DB4}.Debug|Any CPU.Build.0 = Debug|Any CPU
		{0A583877-98A1-4059-BCE7-9CA1D0836DB4}.Release|Any CPU.ActiveCfg = Release|Any CPU
		{0A583877-98A1-4059-BCE7-9CA1D0836DB4}.Release|Any CPU.Build.0 = Release|Any CPU
	EndGlobalSection
	GlobalSection(SolutionProperties) = preSolution
		HideSolutionNode = FALSE
	EndGlobalSection
	GlobalSection(ExtensibilityGlobals) = postSolution
		SolutionGuid = {DB6E4F05-FECF-41FF-ABF3-0ECF4EF8B357}
	EndGlobalSection
EndGlobal
