
Microsoft Visual Studio Solution File, Format Version 12.00
# Visual Studio 15
VisualStudioVersion = 15.0.27703.2026
MinimumVisualStudioVersion = 10.0.40219.1
Project("{2150E333-8FDC-42A3-9474-1A3956D46DE8}") = "Solution Items", "Solution Items", "{E8924AB2-49C4-47BE-826C-3B818D4F6E77}"
	ProjectSection(SolutionItems) = preProject
		README.md = README.md
	EndProjectSection
EndProject
Project("{9A19103F-16F7-4668-BE54-9A1E7A4F7556}") = "aspnetcoreapp", "gettingStarted\aspnetcoreapp\aspnetcoreapp.csproj", "{B5F89854-7896-47EF-98F1-A6562B52A96B}"
EndProject
Project("{2150E333-8FDC-42A3-9474-1A3956D46DE8}") = "commandLines", "commandLines", "{05ACF3DB-8352-4585-8DC3-2E340C6747A8}"
	ProjectSection(SolutionItems) = preProject
		commandLines\dotnet-help.txt = commandLines\dotnet-help.txt
	EndProjectSection
EndProject
Project("{2150E333-8FDC-42A3-9474-1A3956D46DE8}") = "gettingStarted", "gettingStarted", "{4BB2E038-0139-4815-8114-28A32F7DF9E8}"
EndProject
Project("{2150E333-8FDC-42A3-9474-1A3956D46DE8}") = "tutorials", "tutorials", "{CB0C673E-3178-41C9-90B6-B0E257A4AD4B}"
EndProject
Project("{2150E333-8FDC-42A3-9474-1A3956D46DE8}") = "signalrTutorial", "signalrTutorial", "{922CB869-6D46-48D8-B197-F25467CB15CE}"
EndProject
Project("{9A19103F-16F7-4668-BE54-9A1E7A4F7556}") = "SignalRChat", "SignalRChat\SignalRChat.csproj", "{6053067E-4114-41D0-AFEB-CB4928CC9030}"
EndProject
Project("{2150E333-8FDC-42A3-9474-1A3956D46DE8}") = "signalrTypescriptWebpack", "signalrTypescriptWebpack", "{20278F57-E09F-4328-851D-82401D3322C6}"
EndProject
Project("{9A19103F-16F7-4668-BE54-9A1E7A4F7556}") = "SignalRWebPack", "SignalRWebPack\SignalRWebPack.csproj", "{3202BE24-E6DC-49AC-865F-1B4B2AC7B57C}"
EndProject
Project("{2150E333-8FDC-42A3-9474-1A3956D46DE8}") = "usingSwagger", "usingSwagger", "{7482F599-2A96-45BE-A627-7A1ABADF6DAA}"
EndProject
Project("{2150E333-8FDC-42A3-9474-1A3956D46DE8}") = "fundamentals", "fundamentals", "{2A4E5AC0-A5B1-4732-A47E-B833B0B37C91}"
EndProject
Project("{9A19103F-16F7-4668-BE54-9A1E7A4F7556}") = "fundamentalsProject", "fundamentals\fundamentalsProject\fundamentalsProject.csproj", "{97B1055A-9B38-4346-BDA2-9F1DF2D9F8CC}"
EndProject
Project("{2150E333-8FDC-42A3-9474-1A3956D46DE8}") = "fundamentals-hostedServices", "fundamentals-hostedServices", "{687C26DA-E7B6-4EC8-B50F-5EAC1CEDE313}"
EndProject
Project("{9A19103F-16F7-4668-BE54-9A1E7A4F7556}") = "BackgroundTasksSample", "fundamentals-hostedServices\BackgroundTasksSample-GenericHost\BackgroundTasksSample.csproj", "{674AA0F9-CCEB-4793-B12A-F2B600742482}"
EndProject
Project("{2150E333-8FDC-42A3-9474-1A3956D46DE8}") = "fundamentals-appState", "fundamentals-appState", "{B60AA025-36B8-4F23-9BC1-DACE24BC40BA}"
EndProject
Project("{9A19103F-16F7-4668-BE54-9A1E7A4F7556}") = "SessionSample", "fundamentals-appState\SessionSample\SessionSample.csproj", "{9AFD8555-0027-4F50-AE57-0E869400F984}"
EndProject
Project("{2150E333-8FDC-42A3-9474-1A3956D46DE8}") = "fundamentals-httpRequests", "fundamentals-httpRequests", "{D685CE57-33BD-4226-BE6A-27EEE06D41CC}"
EndProject
Project("{9A19103F-16F7-4668-BE54-9A1E7A4F7556}") = "HttpClientFactorySample", "fundamentals-httpRequests\HttpClientFactorySample\HttpClientFactorySample.csproj", "{4C9E2CC2-ADB7-4915-A957-3EE30D8EE522}"
EndProject
Project("{2150E333-8FDC-42A3-9474-1A3956D46DE8}") = "fundamentals-websockets", "fundamentals-websockets", "{68379D1A-1D6F-4281-BB4B-531D0D0F404C}"
EndProject
Project("{9A19103F-16F7-4668-BE54-9A1E7A4F7556}") = "EchoApp", "fundamentals-websockets\sample\EchoApp.csproj", "{075CDB22-C962-4055-A41A-9553094002E6}"
EndProject
Project("{2150E333-8FDC-42A3-9474-1A3956D46DE8}") = "razorPages", "razorPages", "{517B45D8-3E97-48F3-B85F-E315EF4EDF58}"
EndProject
Project("{2150E333-8FDC-42A3-9474-1A3956D46DE8}") = "filter", "filter", "{BFBE0098-7E3E-47DD-9432-31BDBC2D37E5}"
EndProject
Project("{9A19103F-16F7-4668-BE54-9A1E7A4F7556}") = "PageFilter", "razor-pages\filter\PageFilter\PageFilter.csproj", "{7DFE087B-E13A-4627-87ED-200B70ADDA40}"
EndProject
Project("{2150E333-8FDC-42A3-9474-1A3956D46DE8}") = "ui-class", "ui-class", "{48621FD3-2078-4E46-8220-0548544723FF}"
EndProject
Project("{9A19103F-16F7-4668-BE54-9A1E7A4F7556}") = "WebApp1", "razor-pages\ui-class\WebApp1\WebApp1.csproj", "{8F711CFD-74C5-4458-924B-77A992DFF45B}"
EndProject
Project("{9A19103F-16F7-4668-BE54-9A1E7A4F7556}") = "GggRazorClassLib", "razor-pages\ui-class\GggRazorClassLib\GggRazorClassLib.csproj", "{8FF27232-4DA6-4280-B44C-69DAC4974EE6}"
EndProject
Project("{2150E333-8FDC-42A3-9474-1A3956D46DE8}") = "security", "security", "{4A636F28-C475-4013-AA0A-C06BFEC1A7A9}"
EndProject
Project("{9A19103F-16F7-4668-BE54-9A1E7A4F7556}") = "CookieSample", "security\CookieSample\CookieSample.csproj", "{2E6093B8-3DE4-4386-BC1A-AD9128740C0B}"
EndProject
Project("{2150E333-8FDC-42A3-9474-1A3956D46DE8}") = "mvc", "mvc", "{4F64352E-EBF7-45E7-BC29-09AC67EF5C42}"
EndProject
Project("{2150E333-8FDC-42A3-9474-1A3956D46DE8}") = "views", "views", "{07C3350F-305D-4804-A048-D8F6925F3F1F}"
EndProject
Project("{2150E333-8FDC-42A3-9474-1A3956D46DE8}") = "view-components", "view-components", "{4D4A10AE-8A95-4B6D-AE48-1384447FAAA9}"
EndProject
Project("{9A19103F-16F7-4668-BE54-9A1E7A4F7556}") = "ViewCompFinal", "mvc\views\view-components\ViewCompFinal\ViewCompFinal.csproj", "{B5189EA8-1ED6-4C45-B653-E314A09ECC15}"
EndProject
Project("{2150E333-8FDC-42A3-9474-1A3956D46DE8}") = "security", "security", "{74E8A211-EB24-40E1-8569-17FE6CA35A2D}"
EndProject
Global
	GlobalSection(SolutionConfigurationPlatforms) = preSolution
		Debug|Any CPU = Debug|Any CPU
		Release|Any CPU = Release|Any CPU
	EndGlobalSection
	GlobalSection(ProjectConfigurationPlatforms) = postSolution
		{B5F89854-7896-47EF-98F1-A6562B52A96B}.Debug|Any CPU.ActiveCfg = Debug|Any CPU
		{B5F89854-7896-47EF-98F1-A6562B52A96B}.Debug|Any CPU.Build.0 = Debug|Any CPU
		{B5F89854-7896-47EF-98F1-A6562B52A96B}.Release|Any CPU.ActiveCfg = Release|Any CPU
		{B5F89854-7896-47EF-98F1-A6562B52A96B}.Release|Any CPU.Build.0 = Release|Any CPU
		{6053067E-4114-41D0-AFEB-CB4928CC9030}.Debug|Any CPU.ActiveCfg = Debug|Any CPU
		{6053067E-4114-41D0-AFEB-CB4928CC9030}.Debug|Any CPU.Build.0 = Debug|Any CPU
		{6053067E-4114-41D0-AFEB-CB4928CC9030}.Release|Any CPU.ActiveCfg = Release|Any CPU
		{6053067E-4114-41D0-AFEB-CB4928CC9030}.Release|Any CPU.Build.0 = Release|Any CPU
		{3202BE24-E6DC-49AC-865F-1B4B2AC7B57C}.Debug|Any CPU.ActiveCfg = Debug|Any CPU
		{3202BE24-E6DC-49AC-865F-1B4B2AC7B57C}.Debug|Any CPU.Build.0 = Debug|Any CPU
		{3202BE24-E6DC-49AC-865F-1B4B2AC7B57C}.Release|Any CPU.ActiveCfg = Release|Any CPU
		{3202BE24-E6DC-49AC-865F-1B4B2AC7B57C}.Release|Any CPU.Build.0 = Release|Any CPU
		{97B1055A-9B38-4346-BDA2-9F1DF2D9F8CC}.Debug|Any CPU.ActiveCfg = Debug|Any CPU
		{97B1055A-9B38-4346-BDA2-9F1DF2D9F8CC}.Debug|Any CPU.Build.0 = Debug|Any CPU
		{97B1055A-9B38-4346-BDA2-9F1DF2D9F8CC}.Release|Any CPU.ActiveCfg = Release|Any CPU
		{97B1055A-9B38-4346-BDA2-9F1DF2D9F8CC}.Release|Any CPU.Build.0 = Release|Any CPU
		{674AA0F9-CCEB-4793-B12A-F2B600742482}.Debug|Any CPU.ActiveCfg = Debug|Any CPU
		{674AA0F9-CCEB-4793-B12A-F2B600742482}.Debug|Any CPU.Build.0 = Debug|Any CPU
		{674AA0F9-CCEB-4793-B12A-F2B600742482}.Release|Any CPU.ActiveCfg = Release|Any CPU
		{674AA0F9-CCEB-4793-B12A-F2B600742482}.Release|Any CPU.Build.0 = Release|Any CPU
		{9AFD8555-0027-4F50-AE57-0E869400F984}.Debug|Any CPU.ActiveCfg = Debug|Any CPU
		{9AFD8555-0027-4F50-AE57-0E869400F984}.Debug|Any CPU.Build.0 = Debug|Any CPU
		{9AFD8555-0027-4F50-AE57-0E869400F984}.Release|Any CPU.ActiveCfg = Release|Any CPU
		{9AFD8555-0027-4F50-AE57-0E869400F984}.Release|Any CPU.Build.0 = Release|Any CPU
		{4C9E2CC2-ADB7-4915-A957-3EE30D8EE522}.Debug|Any CPU.ActiveCfg = Debug|Any CPU
		{4C9E2CC2-ADB7-4915-A957-3EE30D8EE522}.Debug|Any CPU.Build.0 = Debug|Any CPU
		{4C9E2CC2-ADB7-4915-A957-3EE30D8EE522}.Release|Any CPU.ActiveCfg = Release|Any CPU
		{4C9E2CC2-ADB7-4915-A957-3EE30D8EE522}.Release|Any CPU.Build.0 = Release|Any CPU
		{075CDB22-C962-4055-A41A-9553094002E6}.Debug|Any CPU.ActiveCfg = Debug|Any CPU
		{075CDB22-C962-4055-A41A-9553094002E6}.Debug|Any CPU.Build.0 = Debug|Any CPU
		{075CDB22-C962-4055-A41A-9553094002E6}.Release|Any CPU.ActiveCfg = Release|Any CPU
		{075CDB22-C962-4055-A41A-9553094002E6}.Release|Any CPU.Build.0 = Release|Any CPU
		{7DFE087B-E13A-4627-87ED-200B70ADDA40}.Debug|Any CPU.ActiveCfg = Debug|Any CPU
		{7DFE087B-E13A-4627-87ED-200B70ADDA40}.Debug|Any CPU.Build.0 = Debug|Any CPU
		{7DFE087B-E13A-4627-87ED-200B70ADDA40}.Release|Any CPU.ActiveCfg = Release|Any CPU
		{7DFE087B-E13A-4627-87ED-200B70ADDA40}.Release|Any CPU.Build.0 = Release|Any CPU
		{8F711CFD-74C5-4458-924B-77A992DFF45B}.Debug|Any CPU.ActiveCfg = Debug|Any CPU
		{8F711CFD-74C5-4458-924B-77A992DFF45B}.Debug|Any CPU.Build.0 = Debug|Any CPU
		{8F711CFD-74C5-4458-924B-77A992DFF45B}.Release|Any CPU.ActiveCfg = Release|Any CPU
		{8F711CFD-74C5-4458-924B-77A992DFF45B}.Release|Any CPU.Build.0 = Release|Any CPU
		{8FF27232-4DA6-4280-B44C-69DAC4974EE6}.Debug|Any CPU.ActiveCfg = Debug|Any CPU
		{8FF27232-4DA6-4280-B44C-69DAC4974EE6}.Debug|Any CPU.Build.0 = Debug|Any CPU
		{8FF27232-4DA6-4280-B44C-69DAC4974EE6}.Release|Any CPU.ActiveCfg = Release|Any CPU
		{8FF27232-4DA6-4280-B44C-69DAC4974EE6}.Release|Any CPU.Build.0 = Release|Any CPU
		{2E6093B8-3DE4-4386-BC1A-AD9128740C0B}.Debug|Any CPU.ActiveCfg = Debug|Any CPU
		{2E6093B8-3DE4-4386-BC1A-AD9128740C0B}.Debug|Any CPU.Build.0 = Debug|Any CPU
		{2E6093B8-3DE4-4386-BC1A-AD9128740C0B}.Release|Any CPU.ActiveCfg = Release|Any CPU
		{2E6093B8-3DE4-4386-BC1A-AD9128740C0B}.Release|Any CPU.Build.0 = Release|Any CPU
		{B5189EA8-1ED6-4C45-B653-E314A09ECC15}.Debug|Any CPU.ActiveCfg = Debug|Any CPU
		{B5189EA8-1ED6-4C45-B653-E314A09ECC15}.Debug|Any CPU.Build.0 = Debug|Any CPU
		{B5189EA8-1ED6-4C45-B653-E314A09ECC15}.Release|Any CPU.ActiveCfg = Release|Any CPU
		{B5189EA8-1ED6-4C45-B653-E314A09ECC15}.Release|Any CPU.Build.0 = Release|Any CPU
	EndGlobalSection
	GlobalSection(SolutionProperties) = preSolution
		HideSolutionNode = FALSE
	EndGlobalSection
	GlobalSection(NestedProjects) = preSolution
		{B5F89854-7896-47EF-98F1-A6562B52A96B} = {4BB2E038-0139-4815-8114-28A32F7DF9E8}
		{922CB869-6D46-48D8-B197-F25467CB15CE} = {CB0C673E-3178-41C9-90B6-B0E257A4AD4B}
		{6053067E-4114-41D0-AFEB-CB4928CC9030} = {922CB869-6D46-48D8-B197-F25467CB15CE}
		{20278F57-E09F-4328-851D-82401D3322C6} = {CB0C673E-3178-41C9-90B6-B0E257A4AD4B}
		{3202BE24-E6DC-49AC-865F-1B4B2AC7B57C} = {20278F57-E09F-4328-851D-82401D3322C6}
		{7482F599-2A96-45BE-A627-7A1ABADF6DAA} = {CB0C673E-3178-41C9-90B6-B0E257A4AD4B}
		{97B1055A-9B38-4346-BDA2-9F1DF2D9F8CC} = {2A4E5AC0-A5B1-4732-A47E-B833B0B37C91}
		{674AA0F9-CCEB-4793-B12A-F2B600742482} = {687C26DA-E7B6-4EC8-B50F-5EAC1CEDE313}
		{9AFD8555-0027-4F50-AE57-0E869400F984} = {B60AA025-36B8-4F23-9BC1-DACE24BC40BA}
		{4C9E2CC2-ADB7-4915-A957-3EE30D8EE522} = {D685CE57-33BD-4226-BE6A-27EEE06D41CC}
		{075CDB22-C962-4055-A41A-9553094002E6} = {68379D1A-1D6F-4281-BB4B-531D0D0F404C}
		{BFBE0098-7E3E-47DD-9432-31BDBC2D37E5} = {517B45D8-3E97-48F3-B85F-E315EF4EDF58}
		{7DFE087B-E13A-4627-87ED-200B70ADDA40} = {BFBE0098-7E3E-47DD-9432-31BDBC2D37E5}
		{48621FD3-2078-4E46-8220-0548544723FF} = {517B45D8-3E97-48F3-B85F-E315EF4EDF58}
		{8F711CFD-74C5-4458-924B-77A992DFF45B} = {48621FD3-2078-4E46-8220-0548544723FF}
		{8FF27232-4DA6-4280-B44C-69DAC4974EE6} = {48621FD3-2078-4E46-8220-0548544723FF}
		{2E6093B8-3DE4-4386-BC1A-AD9128740C0B} = {4A636F28-C475-4013-AA0A-C06BFEC1A7A9}
		{07C3350F-305D-4804-A048-D8F6925F3F1F} = {4F64352E-EBF7-45E7-BC29-09AC67EF5C42}
		{4D4A10AE-8A95-4B6D-AE48-1384447FAAA9} = {07C3350F-305D-4804-A048-D8F6925F3F1F}
		{B5189EA8-1ED6-4C45-B653-E314A09ECC15} = {4D4A10AE-8A95-4B6D-AE48-1384447FAAA9}
	EndGlobalSection
	GlobalSection(ExtensibilityGlobals) = postSolution
		SolutionGuid = {02E9C280-C8D3-49C6-846B-277DD5886646}
	EndGlobalSection
EndGlobal
