
Microsoft Visual Studio Solution File, Format Version 12.00
# Visual Studio 15
VisualStudioVersion = 15.0.27703.2026
MinimumVisualStudioVersion = 10.0.40219.1
Project("{2150E333-8FDC-42A3-9474-1A3956D46DE8}") = "Solution Items", "Solution Items", "{E8924AB2-49C4-47BE-826C-3B818D4F6E77}"
	ProjectSection(SolutionItems) = preProject
		README.md = README.md
	EndProjectSection
EndProject
Project("{9A19103F-16F7-4668-BE54-9A1E7A4F7556}") = "aspnetcoreapp", "gettingStarted\aspnetcoreapp\aspnetcoreapp.csproj", "{B5F89854-7896-47EF-98F1-A6562B52A96B}"
EndProject
Project("{2150E333-8FDC-42A3-9474-1A3956D46DE8}") = "commandLines", "commandLines", "{05ACF3DB-8352-4585-8DC3-2E340C6747A8}"
	ProjectSection(SolutionItems) = preProject
		commandLines\dotnet-help.txt = commandLines\dotnet-help.txt
	EndProjectSection
EndProject
Project("{2150E333-8FDC-42A3-9474-1A3956D46DE8}") = "gettingStarted", "gettingStarted", "{4BB2E038-0139-4815-8114-28A32F7DF9E8}"
EndProject
Project("{2150E333-8FDC-42A3-9474-1A3956D46DE8}") = "tutorials", "tutorials", "{CB0C673E-3178-41C9-90B6-B0E257A4AD4B}"
EndProject
Project("{2150E333-8FDC-42A3-9474-1A3956D46DE8}") = "signalrTutorial", "signalrTutorial", "{922CB869-6D46-48D8-B197-F25467CB15CE}"
EndProject
Project("{FAE04EC0-301F-11D3-BF4B-00C04F79EFBC}") = "SignalRChat", "SignalRChat\SignalRChat.csproj", "{6053067E-4114-41D0-AFEB-CB4928CC9030}"
EndProject
Project("{2150E333-8FDC-42A3-9474-1A3956D46DE8}") = "signalrTypescriptWebpack", "signalrTypescriptWebpack", "{20278F57-E09F-4328-851D-82401D3322C6}"
EndProject
Project("{FAE04EC0-301F-11D3-BF4B-00C04F79EFBC}") = "SignalRWebPack", "SignalRWebPack\SignalRWebPack.csproj", "{3202BE24-E6DC-49AC-865F-1B4B2AC7B57C}"
EndProject
Global
	GlobalSection(SolutionConfigurationPlatforms) = preSolution
		Debug|Any CPU = Debug|Any CPU
		Release|Any CPU = Release|Any CPU
	EndGlobalSection
	GlobalSection(ProjectConfigurationPlatforms) = postSolution
		{B5F89854-7896-47EF-98F1-A6562B52A96B}.Debug|Any CPU.ActiveCfg = Debug|Any CPU
		{B5F89854-7896-47EF-98F1-A6562B52A96B}.Debug|Any CPU.Build.0 = Debug|Any CPU
		{B5F89854-7896-47EF-98F1-A6562B52A96B}.Release|Any CPU.ActiveCfg = Release|Any CPU
		{B5F89854-7896-47EF-98F1-A6562B52A96B}.Release|Any CPU.Build.0 = Release|Any CPU
		{6053067E-4114-41D0-AFEB-CB4928CC9030}.Debug|Any CPU.ActiveCfg = Debug|Any CPU
		{6053067E-4114-41D0-AFEB-CB4928CC9030}.Debug|Any CPU.Build.0 = Debug|Any CPU
		{6053067E-4114-41D0-AFEB-CB4928CC9030}.Release|Any CPU.ActiveCfg = Release|Any CPU
		{6053067E-4114-41D0-AFEB-CB4928CC9030}.Release|Any CPU.Build.0 = Release|Any CPU
		{3202BE24-E6DC-49AC-865F-1B4B2AC7B57C}.Debug|Any CPU.ActiveCfg = Debug|Any CPU
		{3202BE24-E6DC-49AC-865F-1B4B2AC7B57C}.Debug|Any CPU.Build.0 = Debug|Any CPU
		{3202BE24-E6DC-49AC-865F-1B4B2AC7B57C}.Release|Any CPU.ActiveCfg = Release|Any CPU
		{3202BE24-E6DC-49AC-865F-1B4B2AC7B57C}.Release|Any CPU.Build.0 = Release|Any CPU
	EndGlobalSection
	GlobalSection(SolutionProperties) = preSolution
		HideSolutionNode = FALSE
	EndGlobalSection
	GlobalSection(NestedProjects) = preSolution
		{B5F89854-7896-47EF-98F1-A6562B52A96B} = {4BB2E038-0139-4815-8114-28A32F7DF9E8}
		{922CB869-6D46-48D8-B197-F25467CB15CE} = {CB0C673E-3178-41C9-90B6-B0E257A4AD4B}
		{6053067E-4114-41D0-AFEB-CB4928CC9030} = {922CB869-6D46-48D8-B197-F25467CB15CE}
		{20278F57-E09F-4328-851D-82401D3322C6} = {CB0C673E-3178-41C9-90B6-B0E257A4AD4B}
		{3202BE24-E6DC-49AC-865F-1B4B2AC7B57C} = {20278F57-E09F-4328-851D-82401D3322C6}
	EndGlobalSection
	GlobalSection(ExtensibilityGlobals) = postSolution
		SolutionGuid = {02E9C280-C8D3-49C6-846B-277DD5886646}
	EndGlobalSection
EndGlobal
