
Microsoft Visual Studio Solution File, Format Version 12.00
# Visual Studio 15
VisualStudioVersion = 15.0.28010.2046
MinimumVisualStudioVersion = 10.0.40219.1
Project("{9A19103F-16F7-4668-BE54-9A1E7A4F7556}") = "AkkaNetConsoleApp", "AkkaNetConsoleApp\AkkaNetConsoleApp.csproj", "{E9BA4046-EA3E-4BB1-B44D-58D22225B0E0}"
EndProject
Project("{2150E333-8FDC-42A3-9474-1A3956D46DE8}") = "sql", "sql", "{6F8F699A-2A81-4909-9EBB-A2FF1C2C6B20}"
	ProjectSection(SolutionItems) = preProject
		sql\akka-local.sql = sql\akka-local.sql
	EndProjectSection
EndProject
Project("{2150E333-8FDC-42A3-9474-1A3956D46DE8}") = "getakka.net", "getakka.net", "{0B665FA7-61EC-4E5B-8399-E1C22398F3CE}"
EndProject
Project("{2150E333-8FDC-42A3-9474-1A3956D46DE8}") = "articles", "articles", "{CBD32E3D-D1A6-4967-BB4B-7B7B032C9943}"
EndProject
Project("{2150E333-8FDC-42A3-9474-1A3956D46DE8}") = "intro", "intro", "{415A6574-4676-4EC1-96B9-77D9B523D6A7}"
EndProject
Project("{2150E333-8FDC-42A3-9474-1A3956D46DE8}") = "useCaseAndDeploymentScenarios", "useCaseAndDeploymentScenarios", "{9A7DE432-8B82-45BE-8CBA-BEDB8EBC7790}"
EndProject
Project("{2150E333-8FDC-42A3-9474-1A3956D46DE8}") = "consoleApplication", "consoleApplication", "{56DE9FE1-CC90-46BD-BD40-C40714A9FDE2}"
EndProject
Project("{FAE04EC0-301F-11D3-BF4B-00C04F79EFBC}") = "UseCaseConsoleApplication", "UseCaseConsoleApplication\UseCaseConsoleApplication.csproj", "{08959DE5-D644-4D16-A21C-D6D1DF89EBAB}"
EndProject
Project("{2150E333-8FDC-42A3-9474-1A3956D46DE8}") = "aspnet", "aspnet", "{A1058A4E-63EF-4A0C-AD30-DBC430814EE5}"
EndProject
Project("{FAE04EC0-301F-11D3-BF4B-00C04F79EFBC}") = "UseCaseWebApplication", "UseCaseWebApplication\UseCaseWebApplication.csproj", "{A5762A90-AC3D-490E-A521-38C259FFF291}"
EndProject
Project("{2150E333-8FDC-42A3-9474-1A3956D46DE8}") = "windowsService", "windowsService", "{DC927A41-725E-4F67-974A-7827B0B390A8}"
EndProject
Project("{FAE04EC0-301F-11D3-BF4B-00C04F79EFBC}") = "UseCaseWindowsService", "UseCaseWindowsService\UseCaseWindowsService.csproj", "{A7F383C1-C890-433C-8BE1-8A150AB8EDDC}"
EndProject
Global
	GlobalSection(SolutionConfigurationPlatforms) = preSolution
		Debug|Any CPU = Debug|Any CPU
		Release|Any CPU = Release|Any CPU
	EndGlobalSection
	GlobalSection(ProjectConfigurationPlatforms) = postSolution
		{E9BA4046-EA3E-4BB1-B44D-58D22225B0E0}.Debug|Any CPU.ActiveCfg = Debug|Any CPU
		{E9BA4046-EA3E-4BB1-B44D-58D22225B0E0}.Debug|Any CPU.Build.0 = Debug|Any CPU
		{E9BA4046-EA3E-4BB1-B44D-58D22225B0E0}.Release|Any CPU.ActiveCfg = Release|Any CPU
		{E9BA4046-EA3E-4BB1-B44D-58D22225B0E0}.Release|Any CPU.Build.0 = Release|Any CPU
		{08959DE5-D644-4D16-A21C-D6D1DF89EBAB}.Debug|Any CPU.ActiveCfg = Debug|Any CPU
		{08959DE5-D644-4D16-A21C-D6D1DF89EBAB}.Debug|Any CPU.Build.0 = Debug|Any CPU
		{08959DE5-D644-4D16-A21C-D6D1DF89EBAB}.Release|Any CPU.ActiveCfg = Release|Any CPU
		{08959DE5-D644-4D16-A21C-D6D1DF89EBAB}.Release|Any CPU.Build.0 = Release|Any CPU
		{A5762A90-AC3D-490E-A521-38C259FFF291}.Debug|Any CPU.ActiveCfg = Debug|Any CPU
		{A5762A90-AC3D-490E-A521-38C259FFF291}.Debug|Any CPU.Build.0 = Debug|Any CPU
		{A5762A90-AC3D-490E-A521-38C259FFF291}.Release|Any CPU.ActiveCfg = Release|Any CPU
		{A5762A90-AC3D-490E-A521-38C259FFF291}.Release|Any CPU.Build.0 = Release|Any CPU
		{A7F383C1-C890-433C-8BE1-8A150AB8EDDC}.Debug|Any CPU.ActiveCfg = Debug|Any CPU
		{A7F383C1-C890-433C-8BE1-8A150AB8EDDC}.Debug|Any CPU.Build.0 = Debug|Any CPU
		{A7F383C1-C890-433C-8BE1-8A150AB8EDDC}.Release|Any CPU.ActiveCfg = Release|Any CPU
		{A7F383C1-C890-433C-8BE1-8A150AB8EDDC}.Release|Any CPU.Build.0 = Release|Any CPU
	EndGlobalSection
	GlobalSection(SolutionProperties) = preSolution
		HideSolutionNode = FALSE
	EndGlobalSection
	GlobalSection(NestedProjects) = preSolution
		{CBD32E3D-D1A6-4967-BB4B-7B7B032C9943} = {0B665FA7-61EC-4E5B-8399-E1C22398F3CE}
		{415A6574-4676-4EC1-96B9-77D9B523D6A7} = {CBD32E3D-D1A6-4967-BB4B-7B7B032C9943}
		{9A7DE432-8B82-45BE-8CBA-BEDB8EBC7790} = {415A6574-4676-4EC1-96B9-77D9B523D6A7}
		{56DE9FE1-CC90-46BD-BD40-C40714A9FDE2} = {9A7DE432-8B82-45BE-8CBA-BEDB8EBC7790}
		{08959DE5-D644-4D16-A21C-D6D1DF89EBAB} = {56DE9FE1-CC90-46BD-BD40-C40714A9FDE2}
		{A1058A4E-63EF-4A0C-AD30-DBC430814EE5} = {9A7DE432-8B82-45BE-8CBA-BEDB8EBC7790}
		{A5762A90-AC3D-490E-A521-38C259FFF291} = {A1058A4E-63EF-4A0C-AD30-DBC430814EE5}
		{DC927A41-725E-4F67-974A-7827B0B390A8} = {9A7DE432-8B82-45BE-8CBA-BEDB8EBC7790}
		{A7F383C1-C890-433C-8BE1-8A150AB8EDDC} = {DC927A41-725E-4F67-974A-7827B0B390A8}
	EndGlobalSection
	GlobalSection(ExtensibilityGlobals) = postSolution
		SolutionGuid = {964498E0-D8A4-41AB-BF5F-C35F100621FC}
	EndGlobalSection
EndGlobal
