
Microsoft Visual Studio Solution File, Format Version 12.00
# Visual Studio 15
VisualStudioVersion = 15.0.28307.271
MinimumVisualStudioVersion = 10.0.40219.1
Project("{FAE04EC0-301F-11D3-BF4B-00C04F79EFBC}") = "intro", "intro\intro.csproj", "{B520A637-6246-475A-A494-6549FDE10981}"
EndProject
Global
	GlobalSection(SolutionConfigurationPlatforms) = preSolution
		Debug|Any CPU = Debug|Any CPU
		Release|Any CPU = Release|Any CPU
	EndGlobalSection
	GlobalSection(ProjectConfigurationPlatforms) = postSolution
		{B520A637-6246-475A-A494-6549FDE10981}.Debug|Any CPU.ActiveCfg = Debug|Any CPU
		{B520A637-6246-475A-A494-6549FDE10981}.Debug|Any CPU.Build.0 = Debug|Any CPU
		{B520A637-6246-475A-A494-6549FDE10981}.Release|Any CPU.ActiveCfg = Release|Any CPU
		{B520A637-6246-475A-A494-6549FDE10981}.Release|Any CPU.Build.0 = Release|Any CPU
	EndGlobalSection
	GlobalSection(SolutionProperties) = preSolution
		HideSolutionNode = FALSE
	EndGlobalSection
	GlobalSection(ExtensibilityGlobals) = postSolution
		SolutionGuid = {A654E8E5-5EA0-4B61-AC19-F8A8A31A85E8}
	EndGlobalSection
EndGlobal
