
Microsoft Visual Studio Solution File, Format Version 12.00
# Visual Studio 15
VisualStudioVersion = 15.0.28307.329
MinimumVisualStudioVersion = 10.0.40219.1
Project("{FAE04EC0-301F-11D3-BF4B-00C04F79EFBC}") = "intro", "intro\intro.csproj", "{625A047F-3C9E-49D9-8898-02EF9736919D}"
EndProject
Global
	GlobalSection(SolutionConfigurationPlatforms) = preSolution
		Debug|Any CPU = Debug|Any CPU
		Release|Any CPU = Release|Any CPU
	EndGlobalSection
	GlobalSection(ProjectConfigurationPlatforms) = postSolution
		{625A047F-3C9E-49D9-8898-02EF9736919D}.Debug|Any CPU.ActiveCfg = Debug|Any CPU
		{625A047F-3C9E-49D9-8898-02EF9736919D}.Debug|Any CPU.Build.0 = Debug|Any CPU
		{625A047F-3C9E-49D9-8898-02EF9736919D}.Release|Any CPU.ActiveCfg = Release|Any CPU
		{625A047F-3C9E-49D9-8898-02EF9736919D}.Release|Any CPU.Build.0 = Release|Any CPU
	EndGlobalSection
	GlobalSection(SolutionProperties) = preSolution
		HideSolutionNode = FALSE
	EndGlobalSection
	GlobalSection(ExtensibilityGlobals) = postSolution
		SolutionGuid = {01E7D15A-0F12-4122-97E3-020ED9624E14}
	EndGlobalSection
EndGlobal
